
Microsoft Visual Studio Solution File, Format Version 12.00
# Visual Studio Version 16
VisualStudioVersion = 16.0.33801.447
MinimumVisualStudioVersion = 10.0.40219.1
Project("{9A19103F-16F7-4668-BE54-9A1E7A4F7556}") = "Aula_14_09_2023", "Aula_14_09_2023\Aula_14_09_2023.csproj", "{96F37C88-7C41-4C76-9D37-45970B29DD08}"
EndProject
Project("{9A19103F-16F7-4668-BE54-9A1E7A4F7556}") = "Aula_19_09_2023", "Aula_19_09_2023\Aula_19_09_2023.csproj", "{6C2D45F2-936F-4E7A-9945-0163BFB930CD}"
EndProject
Project("{9A19103F-16F7-4668-BE54-9A1E7A4F7556}") = "Aula_26_09_2023", "Aula_26_09_2023\Aula_26_09_2023.csproj", "{4891E986-4729-40F6-B327-E4E016E380E2}"
EndProject
Project("{9A19103F-16F7-4668-BE54-9A1E7A4F7556}") = "Aula_05_10_2023_Ex01", "Aula_05_10_2023_Ex01\Aula_05_10_2023_Ex01.csproj", "{8615970F-42E7-42B4-B0FA-FC3F7481A5C6}"
EndProject
Project("{9A19103F-16F7-4668-BE54-9A1E7A4F7556}") = "Aula_05_10_2023_Ex02", "Aula_05_10_2023_Ex02\Aula_05_10_2023_Ex02.csproj", "{3D7A3337-CB5A-44F8-88B5-406DC61671C5}"
EndProject
Project("{9A19103F-16F7-4668-BE54-9A1E7A4F7556}") = "Aula_05_10_2023_Ex03", "Aula_05_10_2023_Ex03\Aula_05_10_2023_Ex03.csproj", "{D8499646-921B-4AA2-BAA5-CFA509C1F314}"
EndProject
Project("{9A19103F-16F7-4668-BE54-9A1E7A4F7556}") = "Aula_17_10_2023", "Aula_17_10_2023\Aula_17_10_2023.csproj", "{38A20A58-5F47-472D-AD26-871115BD298C}"
EndProject
Project("{9A19103F-16F7-4668-BE54-9A1E7A4F7556}") = "Aula_19_10_2023_While", "Aula_19_10_2023_While\Aula_19_10_2023_While.csproj", "{3D2B8A25-63AE-487F-BF5B-6669E6D746CE}"
EndProject
Project("{9A19103F-16F7-4668-BE54-9A1E7A4F7556}") = "Aula_19_10_2023_While_Ex02", "Aula_19_10_2023_While_Ex02\Aula_19_10_2023_While_Ex02.csproj", "{A218A627-FE9E-4072-A897-2D688AC265EB}"
EndProject
Project("{9A19103F-16F7-4668-BE54-9A1E7A4F7556}") = "Aula_19_10_2023_While_Ex03", "Aula_19_10_2023_While_Ex03\Aula_19_10_2023_While_Ex03.csproj", "{3FE5C713-17C5-4DEE-989E-5DA10BA745EF}"
EndProject
Project("{9A19103F-16F7-4668-BE54-9A1E7A4F7556}") = "Aula_26_10_2023_Ex01", "Aula_26_10_2023_Ex01\Aula_26_10_2023_Ex01.csproj", "{6CDD8014-70D9-46F3-BE93-67A3C4C32FB3}"
EndProject
Project("{9A19103F-16F7-4668-BE54-9A1E7A4F7556}") = "Aula_26_10_2023_Ex02", "Aula_26_10_2023_Ex02\Aula_26_10_2023_Ex02.csproj", "{5CD0592F-D797-4C48-94A1-29294BA018E3}"
EndProject
Project("{9A19103F-16F7-4668-BE54-9A1E7A4F7556}") = "Aula_07_11_2023_Ex01", "Aula_07_11_2023_Ex01\Aula_07_11_2023_Ex01.csproj", "{3A16ACE9-948C-48C5-9139-8AABA9A81477}"
EndProject
Project("{9A19103F-16F7-4668-BE54-9A1E7A4F7556}") = "Aula_07_11_2023_Ex02", "Aula_07_11_2023_Ex02\Aula_07_11_2023_Ex02.csproj", "{8C343134-D43F-40D7-938B-6FBC9BD849A2}"
EndProject
Project("{9A19103F-16F7-4668-BE54-9A1E7A4F7556}") = "Aula_07_11_2023_Ex03", "Aula_07_11_2023_Ex03\Aula_07_11_2023_Ex03.csproj", "{F42AD9C6-60AF-4494-8CB2-C87B89616A04}"
EndProject
Project("{9A19103F-16F7-4668-BE54-9A1E7A4F7556}") = "Aula_14_11_2023_Ex01", "Aula_14_11_2023_Ex01\Aula_14_11_2023_Ex01.csproj", "{DB4883FD-D6B7-4F47-B6AE-F0730AAB86B8}"
EndProject
Project("{9A19103F-16F7-4668-BE54-9A1E7A4F7556}") = "Aula_14_11_2023_Ex02", "Aula_14_11_2023_Ex02\Aula_14_11_2023_Ex02.csproj", "{F619DAD3-F588-4244-A108-1EE5B16B0CD0}"
EndProject
Project("{9A19103F-16F7-4668-BE54-9A1E7A4F7556}") = "Aula_09_11_2023_Ex01", "Aula_09_11_2023_Ex01\Aula_09_11_2023_Ex01.csproj", "{B8BE67D3-27A2-47B0-8653-363AD8D9AADB}"
EndProject
Project("{FAE04EC0-301F-11D3-BF4B-00C04F79EFBC}") = "Aula_16_11_2023_Desafio", "Aula_16_11_2023_Desafio\Aula_16_11_2023_Desafio.csproj", "{5EDF5340-8397-48E3-801B-FBCAA231E693}"
EndProject
Project("{FAE04EC0-301F-11D3-BF4B-00C04F79EFBC}") = "Aula_16_11_2023_Desafio2", "Aula_16_11_2023_Desafio2\Aula_16_11_2023_Desafio2.csproj", "{2774B64B-1EB6-4265-A928-D04938D3F8E7}"
EndProject
Project("{9A19103F-16F7-4668-BE54-9A1E7A4F7556}") = "Aula_16_11_2023_Ex01", "Aula_16_11_2023_DesafioResolução\Aula_16_11_2023_Ex01.csproj", "{F4CEF559-271B-4635-A077-C5BA8D63CD8A}"
EndProject
Global
	GlobalSection(SolutionConfigurationPlatforms) = preSolution
		Debug|Any CPU = Debug|Any CPU
		Release|Any CPU = Release|Any CPU
	EndGlobalSection
	GlobalSection(ProjectConfigurationPlatforms) = postSolution
		{96F37C88-7C41-4C76-9D37-45970B29DD08}.Debug|Any CPU.ActiveCfg = Debug|Any CPU
		{96F37C88-7C41-4C76-9D37-45970B29DD08}.Debug|Any CPU.Build.0 = Debug|Any CPU
		{96F37C88-7C41-4C76-9D37-45970B29DD08}.Release|Any CPU.ActiveCfg = Release|Any CPU
		{96F37C88-7C41-4C76-9D37-45970B29DD08}.Release|Any CPU.Build.0 = Release|Any CPU
		{6C2D45F2-936F-4E7A-9945-0163BFB930CD}.Debug|Any CPU.ActiveCfg = Debug|Any CPU
		{6C2D45F2-936F-4E7A-9945-0163BFB930CD}.Debug|Any CPU.Build.0 = Debug|Any CPU
		{6C2D45F2-936F-4E7A-9945-0163BFB930CD}.Release|Any CPU.ActiveCfg = Release|Any CPU
		{6C2D45F2-936F-4E7A-9945-0163BFB930CD}.Release|Any CPU.Build.0 = Release|Any CPU
		{4891E986-4729-40F6-B327-E4E016E380E2}.Debug|Any CPU.ActiveCfg = Debug|Any CPU
		{4891E986-4729-40F6-B327-E4E016E380E2}.Debug|Any CPU.Build.0 = Debug|Any CPU
		{4891E986-4729-40F6-B327-E4E016E380E2}.Release|Any CPU.ActiveCfg = Release|Any CPU
		{4891E986-4729-40F6-B327-E4E016E380E2}.Release|Any CPU.Build.0 = Release|Any CPU
		{8615970F-42E7-42B4-B0FA-FC3F7481A5C6}.Debug|Any CPU.ActiveCfg = Debug|Any CPU
		{8615970F-42E7-42B4-B0FA-FC3F7481A5C6}.Debug|Any CPU.Build.0 = Debug|Any CPU
		{8615970F-42E7-42B4-B0FA-FC3F7481A5C6}.Release|Any CPU.ActiveCfg = Release|Any CPU
		{8615970F-42E7-42B4-B0FA-FC3F7481A5C6}.Release|Any CPU.Build.0 = Release|Any CPU
		{3D7A3337-CB5A-44F8-88B5-406DC61671C5}.Debug|Any CPU.ActiveCfg = Debug|Any CPU
		{3D7A3337-CB5A-44F8-88B5-406DC61671C5}.Debug|Any CPU.Build.0 = Debug|Any CPU
		{3D7A3337-CB5A-44F8-88B5-406DC61671C5}.Release|Any CPU.ActiveCfg = Release|Any CPU
		{3D7A3337-CB5A-44F8-88B5-406DC61671C5}.Release|Any CPU.Build.0 = Release|Any CPU
		{D8499646-921B-4AA2-BAA5-CFA509C1F314}.Debug|Any CPU.ActiveCfg = Debug|Any CPU
		{D8499646-921B-4AA2-BAA5-CFA509C1F314}.Debug|Any CPU.Build.0 = Debug|Any CPU
		{D8499646-921B-4AA2-BAA5-CFA509C1F314}.Release|Any CPU.ActiveCfg = Release|Any CPU
		{D8499646-921B-4AA2-BAA5-CFA509C1F314}.Release|Any CPU.Build.0 = Release|Any CPU
		{38A20A58-5F47-472D-AD26-871115BD298C}.Debug|Any CPU.ActiveCfg = Debug|Any CPU
		{38A20A58-5F47-472D-AD26-871115BD298C}.Debug|Any CPU.Build.0 = Debug|Any CPU
		{38A20A58-5F47-472D-AD26-871115BD298C}.Release|Any CPU.ActiveCfg = Release|Any CPU
		{38A20A58-5F47-472D-AD26-871115BD298C}.Release|Any CPU.Build.0 = Release|Any CPU
		{3D2B8A25-63AE-487F-BF5B-6669E6D746CE}.Debug|Any CPU.ActiveCfg = Debug|Any CPU
		{3D2B8A25-63AE-487F-BF5B-6669E6D746CE}.Debug|Any CPU.Build.0 = Debug|Any CPU
		{3D2B8A25-63AE-487F-BF5B-6669E6D746CE}.Release|Any CPU.ActiveCfg = Release|Any CPU
		{3D2B8A25-63AE-487F-BF5B-6669E6D746CE}.Release|Any CPU.Build.0 = Release|Any CPU
		{A218A627-FE9E-4072-A897-2D688AC265EB}.Debug|Any CPU.ActiveCfg = Debug|Any CPU
		{A218A627-FE9E-4072-A897-2D688AC265EB}.Debug|Any CPU.Build.0 = Debug|Any CPU
		{A218A627-FE9E-4072-A897-2D688AC265EB}.Release|Any CPU.ActiveCfg = Release|Any CPU
		{A218A627-FE9E-4072-A897-2D688AC265EB}.Release|Any CPU.Build.0 = Release|Any CPU
		{3FE5C713-17C5-4DEE-989E-5DA10BA745EF}.Debug|Any CPU.ActiveCfg = Debug|Any CPU
		{3FE5C713-17C5-4DEE-989E-5DA10BA745EF}.Debug|Any CPU.Build.0 = Debug|Any CPU
		{3FE5C713-17C5-4DEE-989E-5DA10BA745EF}.Release|Any CPU.ActiveCfg = Release|Any CPU
		{3FE5C713-17C5-4DEE-989E-5DA10BA745EF}.Release|Any CPU.Build.0 = Release|Any CPU
		{6CDD8014-70D9-46F3-BE93-67A3C4C32FB3}.Debug|Any CPU.ActiveCfg = Debug|Any CPU
		{6CDD8014-70D9-46F3-BE93-67A3C4C32FB3}.Debug|Any CPU.Build.0 = Debug|Any CPU
		{6CDD8014-70D9-46F3-BE93-67A3C4C32FB3}.Release|Any CPU.ActiveCfg = Release|Any CPU
		{6CDD8014-70D9-46F3-BE93-67A3C4C32FB3}.Release|Any CPU.Build.0 = Release|Any CPU
		{5CD0592F-D797-4C48-94A1-29294BA018E3}.Debug|Any CPU.ActiveCfg = Debug|Any CPU
		{5CD0592F-D797-4C48-94A1-29294BA018E3}.Debug|Any CPU.Build.0 = Debug|Any CPU
		{5CD0592F-D797-4C48-94A1-29294BA018E3}.Release|Any CPU.ActiveCfg = Release|Any CPU
		{5CD0592F-D797-4C48-94A1-29294BA018E3}.Release|Any CPU.Build.0 = Release|Any CPU
		{3A16ACE9-948C-48C5-9139-8AABA9A81477}.Debug|Any CPU.ActiveCfg = Debug|Any CPU
		{3A16ACE9-948C-48C5-9139-8AABA9A81477}.Debug|Any CPU.Build.0 = Debug|Any CPU
		{3A16ACE9-948C-48C5-9139-8AABA9A81477}.Release|Any CPU.ActiveCfg = Release|Any CPU
		{3A16ACE9-948C-48C5-9139-8AABA9A81477}.Release|Any CPU.Build.0 = Release|Any CPU
		{8C343134-D43F-40D7-938B-6FBC9BD849A2}.Debug|Any CPU.ActiveCfg = Debug|Any CPU
		{8C343134-D43F-40D7-938B-6FBC9BD849A2}.Debug|Any CPU.Build.0 = Debug|Any CPU
		{8C343134-D43F-40D7-938B-6FBC9BD849A2}.Release|Any CPU.ActiveCfg = Release|Any CPU
		{8C343134-D43F-40D7-938B-6FBC9BD849A2}.Release|Any CPU.Build.0 = Release|Any CPU
		{F42AD9C6-60AF-4494-8CB2-C87B89616A04}.Debug|Any CPU.ActiveCfg = Debug|Any CPU
		{F42AD9C6-60AF-4494-8CB2-C87B89616A04}.Debug|Any CPU.Build.0 = Debug|Any CPU
		{F42AD9C6-60AF-4494-8CB2-C87B89616A04}.Release|Any CPU.ActiveCfg = Release|Any CPU
		{F42AD9C6-60AF-4494-8CB2-C87B89616A04}.Release|Any CPU.Build.0 = Release|Any CPU
		{DB4883FD-D6B7-4F47-B6AE-F0730AAB86B8}.Debug|Any CPU.ActiveCfg = Debug|Any CPU
		{DB4883FD-D6B7-4F47-B6AE-F0730AAB86B8}.Debug|Any CPU.Build.0 = Debug|Any CPU
		{DB4883FD-D6B7-4F47-B6AE-F0730AAB86B8}.Release|Any CPU.ActiveCfg = Release|Any CPU
		{DB4883FD-D6B7-4F47-B6AE-F0730AAB86B8}.Release|Any CPU.Build.0 = Release|Any CPU
		{F619DAD3-F588-4244-A108-1EE5B16B0CD0}.Debug|Any CPU.ActiveCfg = Debug|Any CPU
		{F619DAD3-F588-4244-A108-1EE5B16B0CD0}.Debug|Any CPU.Build.0 = Debug|Any CPU
		{F619DAD3-F588-4244-A108-1EE5B16B0CD0}.Release|Any CPU.ActiveCfg = Release|Any CPU
		{F619DAD3-F588-4244-A108-1EE5B16B0CD0}.Release|Any CPU.Build.0 = Release|Any CPU
		{B8BE67D3-27A2-47B0-8653-363AD8D9AADB}.Debug|Any CPU.ActiveCfg = Debug|Any CPU
		{B8BE67D3-27A2-47B0-8653-363AD8D9AADB}.Debug|Any CPU.Build.0 = Debug|Any CPU
		{B8BE67D3-27A2-47B0-8653-363AD8D9AADB}.Release|Any CPU.ActiveCfg = Release|Any CPU
		{B8BE67D3-27A2-47B0-8653-363AD8D9AADB}.Release|Any CPU.Build.0 = Release|Any CPU
		{5EDF5340-8397-48E3-801B-FBCAA231E693}.Debug|Any CPU.ActiveCfg = Debug|Any CPU
		{5EDF5340-8397-48E3-801B-FBCAA231E693}.Debug|Any CPU.Build.0 = Debug|Any CPU
		{5EDF5340-8397-48E3-801B-FBCAA231E693}.Release|Any CPU.ActiveCfg = Release|Any CPU
		{5EDF5340-8397-48E3-801B-FBCAA231E693}.Release|Any CPU.Build.0 = Release|Any CPU
		{2774B64B-1EB6-4265-A928-D04938D3F8E7}.Debug|Any CPU.ActiveCfg = Debug|Any CPU
		{2774B64B-1EB6-4265-A928-D04938D3F8E7}.Debug|Any CPU.Build.0 = Debug|Any CPU
		{2774B64B-1EB6-4265-A928-D04938D3F8E7}.Release|Any CPU.ActiveCfg = Release|Any CPU
		{2774B64B-1EB6-4265-A928-D04938D3F8E7}.Release|Any CPU.Build.0 = Release|Any CPU
		{F4CEF559-271B-4635-A077-C5BA8D63CD8A}.Debug|Any CPU.ActiveCfg = Debug|Any CPU
		{F4CEF559-271B-4635-A077-C5BA8D63CD8A}.Debug|Any CPU.Build.0 = Debug|Any CPU
		{F4CEF559-271B-4635-A077-C5BA8D63CD8A}.Release|Any CPU.ActiveCfg = Release|Any CPU
		{F4CEF559-271B-4635-A077-C5BA8D63CD8A}.Release|Any CPU.Build.0 = Release|Any CPU
	EndGlobalSection
	GlobalSection(SolutionProperties) = preSolution
		HideSolutionNode = FALSE
	EndGlobalSection
	GlobalSection(ExtensibilityGlobals) = postSolution
		SolutionGuid = {4DBC1222-C0D6-47F0-A4BC-55C3113617BE}
	EndGlobalSection
EndGlobal
